{
  "lockfileVersion": 1,
  "workspaces": {
    "": {
      "name": "geometry-computer",
      "dependencies": {
        "@gltf-transform/core": "4.2.0",
        "three": "0.178.0",
      },
    },
  },
  "packages": {
    "@gltf-transform/core": ["@gltf-transform/core@4.2.0", "", { "dependencies": { "property-graph": "^3.0.0" } }, "sha512-43FtHNxMhT+VX/WZeXISorbtknwusdcfwu0qzfrDa1azsk5CBVOaZwM+ul7DsHty47eC49lSPN0g8uNso35WVw=="],

    "property-graph": ["property-graph@3.0.0", "", {}, "sha512-TnzxUsttmGtw+OiU0LDw+0FlMbJ8vV8pOjyDI7+Kdni4Tj0hW5BFh7TatQu7Y68hcvvFmiFOHilKShsA4R82fA=="],

    "three": ["three@0.178.0", "", {}, "sha512-ybFIB0+x8mz0wnZgSGy2MO/WCO6xZhQSZnmfytSPyNpM0sBafGRVhdaj+erYh5U+RhQOAg/eXqw5uVDiM2BjhQ=="],
  }
}
