{
  "lockfileVersion": 1,
  "configVersion": 0,
  "workspaces": {
    "": {
      "name": "geometry-computer",
      "dependencies": {
        "@gltf-transform/core": "4.2.1",
        "three": "0.180.0",
      },
    },
  },
  "packages": {
    "@gltf-transform/core": ["@gltf-transform/core@4.2.1", "", { "dependencies": { "property-graph": "^3.0.0" } }, "sha512-qKhrQ29KJ9K6sz7xGoGRllqPBlROjPJMQPvCLBOfgMPH3S/Ph5E0e6fD5WmwTY5QPyBsDMRqKd1Vl0ncThTXGw=="],

    "property-graph": ["property-graph@3.0.0", "", {}, "sha512-TnzxUsttmGtw+OiU0LDw+0FlMbJ8vV8pOjyDI7+Kdni4Tj0hW5BFh7TatQu7Y68hcvvFmiFOHilKShsA4R82fA=="],

    "three": ["three@0.180.0", "", {}, "sha512-o+qycAMZrh+TsE01GqWUxUIKR1AL0S8pq7zDkYOQw8GqfX8b8VoCKYUoHbhiX5j+7hr8XsuHDVU6+gkQJQKg9w=="],
  }
}
