{
  "lockfileVersion": 1,
  "workspaces": {
    "": {
      "name": "geometry-computer",
      "dependencies": {
        "@gltf-transform/core": "4.1.4",
        "three": "0.177.0",
      },
    },
  },
  "packages": {
    "@gltf-transform/core": ["@gltf-transform/core@4.1.4", "", { "dependencies": { "property-graph": "^3.0.0" } }, "sha512-TE6MGzlmsFWR8mkWNDSM7KWUjAeySBYN6MchL8YIzDECLpkFzXeO69K2yLjhKFfPmL27ZYe17vgzqwlcGF+X3A=="],

    "property-graph": ["property-graph@3.0.0", "", {}, "sha512-TnzxUsttmGtw+OiU0LDw+0FlMbJ8vV8pOjyDI7+Kdni4Tj0hW5BFh7TatQu7Y68hcvvFmiFOHilKShsA4R82fA=="],

    "three": ["three@0.177.0", "", {}, "sha512-EiXv5/qWAaGI+Vz2A+JfavwYCMdGjxVsrn3oBwllUoqYeaBO75J63ZfyaQKoiLrqNHoTlUc6PFgMXnS0kI45zg=="],
  }
}
