{
  "name": "geometry-computer",
  "version": "1.0.0",
  "lockfileVersion": 3,
  "requires": true,
  "packages": {
    "": {
      "name": "geometry-computer",
      "version": "1.0.0",
      "dependencies": {
        "@gltf-transform/core": "4.0.10",
        "three": "0.169.0"
      }
    },
    "node_modules/@gltf-transform/core": {
      "version": "4.0.10",
      "resolved": "https://registry.npmjs.org/@gltf-transform/core/-/core-4.0.10.tgz",
      "integrity": "sha512-d1nOk2iO4YtBHI8k2+oEIPxxLs8AmgPYxITc2DFYXGlb550RBicG3TrAOqzbHM6U5w0eYE+bgitsePt6ygWNxA==",
      "license": "MIT",
      "dependencies": {
        "property-graph": "^2.0.0"
      },
      "funding": {
        "url": "https://github.com/sponsors/donmccurdy"
      }
    },
    "node_modules/property-graph": {
      "version": "2.0.0",
      "resolved": "https://registry.npmjs.org/property-graph/-/property-graph-2.0.0.tgz",
      "integrity": "sha512-peDswWfLn7Lx+iPIxefhEUbLC7cs1KbfyKqOl5C5TF5F6urnyAORxzQ7JY21yjRzH7CpLa6+d1G+BemBr/lKyw==",
      "license": "MIT"
    },
    "node_modules/three": {
      "version": "0.169.0",
      "resolved": "https://registry.npmjs.org/three/-/three-0.169.0.tgz",
      "integrity": "sha512-Ed906MA3dR4TS5riErd4QBsRGPcx+HBDX2O5yYE5GqJeFQTPU+M56Va/f/Oph9X7uZo3W3o4l2ZhBZ6f6qUv0w==",
      "license": "MIT"
    }
  }
}
