{
  "name": "geometry-computer",
  "version": "1.0.0",
  "lockfileVersion": 3,
  "requires": true,
  "packages": {
    "": {
      "name": "geometry-computer",
      "version": "1.0.0",
      "dependencies": {
        "three": "0.167.0"
      }
    },
    "node_modules/three": {
      "version": "0.167.0",
      "resolved": "https://registry.npmjs.org/three/-/three-0.167.0.tgz",
      "integrity": "sha512-9Y1a66fpjqF3rhq7ivKTaKtjQLZ97Hj/lZ00DmZWaKHaQFH4uzYT1znwRDWQOcgMmCcOloQzo61gDmqO8l9xmA=="
    }
  }
}
